
Microsoft Visual Studio Solution File, Format Version 12.00
# Visual Studio Version 16
VisualStudioVersion = 16.0.31911.196
MinimumVisualStudioVersion = 10.0.40219.1
Project("{FAE04EC0-301F-11D3-BF4B-00C04F79EFBC}") = "BH_Licnosti.Android", "BH_Licnosti\BH_Licnosti.Android\BH_Licnosti.Android.csproj", "{7CDD8055-3957-4B45-8633-942DCD5C6B16}"
EndProject
Project("{FAE04EC0-301F-11D3-BF4B-00C04F79EFBC}") = "BH_Licnosti", "BH_Licnosti\BH_Licnosti\BH_Licnosti.csproj", "{1AB45A19-4904-47D2-9EA7-60C1DC5FB8E2}"
EndProject
Global
	GlobalSection(SolutionConfigurationPlatforms) = preSolution
		Debug|Any CPU = Debug|Any CPU
		Release|Any CPU = Release|Any CPU
	EndGlobalSection
	GlobalSection(ProjectConfigurationPlatforms) = postSolution
		{7CDD8055-3957-4B45-8633-942DCD5C6B16}.Debug|Any CPU.ActiveCfg = Debug|Any CPU
		{7CDD8055-3957-4B45-8633-942DCD5C6B16}.Debug|Any CPU.Build.0 = Debug|Any CPU
		{7CDD8055-3957-4B45-8633-942DCD5C6B16}.Debug|Any CPU.Deploy.0 = Debug|Any CPU
		{7CDD8055-3957-4B45-8633-942DCD5C6B16}.Release|Any CPU.ActiveCfg = Release|Any CPU
		{7CDD8055-3957-4B45-8633-942DCD5C6B16}.Release|Any CPU.Build.0 = Release|Any CPU
		{7CDD8055-3957-4B45-8633-942DCD5C6B16}.Release|Any CPU.Deploy.0 = Release|Any CPU
		{1AB45A19-4904-47D2-9EA7-60C1DC5FB8E2}.Debug|Any CPU.ActiveCfg = Debug|Any CPU
		{1AB45A19-4904-47D2-9EA7-60C1DC5FB8E2}.Debug|Any CPU.Build.0 = Debug|Any CPU
		{1AB45A19-4904-47D2-9EA7-60C1DC5FB8E2}.Debug|Any CPU.Deploy.0 = Debug|Any CPU
		{1AB45A19-4904-47D2-9EA7-60C1DC5FB8E2}.Release|Any CPU.ActiveCfg = Release|Any CPU
		{1AB45A19-4904-47D2-9EA7-60C1DC5FB8E2}.Release|Any CPU.Build.0 = Release|Any CPU
		{1AB45A19-4904-47D2-9EA7-60C1DC5FB8E2}.Release|Any CPU.Deploy.0 = Release|Any CPU
	EndGlobalSection
	GlobalSection(SolutionProperties) = preSolution
		HideSolutionNode = FALSE
	EndGlobalSection
	GlobalSection(ExtensibilityGlobals) = postSolution
		SolutionGuid = {9FA0D367-E539-4655-AE62-9C255457768B}
	EndGlobalSection
EndGlobal
